{
  "name": "cov-diff",
  "version": "1.0.0",
  "lockfileVersion": 1,
  "requires": true,
  "dependencies": {
    "@types/node": {
      "version": "12.12.51",
      "resolved": "https://registry.npmjs.org/@types/node/-/node-12.12.51.tgz",
      "integrity": "sha512-6ILqt8iNThALrxDv2Q4LyYFQxULQz96HKNIFd4s9QRQaiHINYeUpLqeU/2IU7YMtvipG1fQVAy//vY8/fX1Y9w=="
    },
    "esprima": {
      "version": "4.0.1",
      "resolved": "https://registry.npmjs.org/esprima/-/esprima-4.0.1.tgz",
      "integrity": "sha512-eGuFFw7Upda+g4p+QHvnW0RyTX/SVeJBDM/gCtMARO0cLuT2HcEKnTPvhjV6aGeqrCB/sbNop0Kszm0jsaWU4A=="
    },
    "estraverse": {
      "version": "5.1.0",
      "resolved": "https://registry.npmjs.org/estraverse/-/estraverse-5.1.0.tgz",
      "integrity": "sha512-FyohXK+R0vE+y1nHLoBM7ZTyqRpqAlhdZHCWIWEviFLiGB8b04H6bQs8G+XTthacvT8VuwvteiP7RJSxMs8UEw=="
    },
    "typescript": {
      "version": "3.9.7",
      "resolved": "https://registry.npmjs.org/typescript/-/typescript-3.9.7.tgz",
      "integrity": "sha512-BLbiRkiBzAwsjut4x/dsibSTB6yWpwT5qWmC2OfuCg3GgVQCSgMs4vEctYPhsaGtd0AeuuHMkjZ2h2WG8MSzRw=="
    }
  }
}
